
Microsoft Visual Studio Solution File, Format Version 12.00
# Visual Studio 2013
VisualStudioVersion = 12.0.30501.0
MinimumVisualStudioVersion = 10.0.40219.1
Project("{FAE04EC0-301F-11D3-BF4B-00C04F79EFBC}") = "AddressBook", "AddressBook\AddressBook.csproj", "{15342DE6-2948-42E5-A9EF-668FE19EA159}"
EndProject
Project("{FAE04EC0-301F-11D3-BF4B-00C04F79EFBC}") = "RX_MVVM", "RX_MVVM\RX_MVVM.csproj", "{B9A10D0D-500B-483C-AE8E-C417E0EB7CCF}"
EndProject
Global
	GlobalSection(SolutionConfigurationPlatforms) = preSolution
		Debug|Any CPU = Debug|Any CPU
		Release|Any CPU = Release|Any CPU
	EndGlobalSection
	GlobalSection(ProjectConfigurationPlatforms) = postSolution
		{15342DE6-2948-42E5-A9EF-668FE19EA159}.Debug|Any CPU.ActiveCfg = Debug|Any CPU
		{15342DE6-2948-42E5-A9EF-668FE19EA159}.Debug|Any CPU.Build.0 = Debug|Any CPU
		{15342DE6-2948-42E5-A9EF-668FE19EA159}.Release|Any CPU.ActiveCfg = Release|Any CPU
		{15342DE6-2948-42E5-A9EF-668FE19EA159}.Release|Any CPU.Build.0 = Release|Any CPU
		{B9A10D0D-500B-483C-AE8E-C417E0EB7CCF}.Debug|Any CPU.ActiveCfg = Debug|Any CPU
		{B9A10D0D-500B-483C-AE8E-C417E0EB7CCF}.Debug|Any CPU.Build.0 = Debug|Any CPU
		{B9A10D0D-500B-483C-AE8E-C417E0EB7CCF}.Release|Any CPU.ActiveCfg = Release|Any CPU
		{B9A10D0D-500B-483C-AE8E-C417E0EB7CCF}.Release|Any CPU.Build.0 = Release|Any CPU
	EndGlobalSection
	GlobalSection(SolutionProperties) = preSolution
		HideSolutionNode = FALSE
	EndGlobalSection
EndGlobal
